
Microsoft Visual Studio Solution File, Format Version 12.00
# Visual Studio Version 16
VisualStudioVersion = 16.0.30717.126
MinimumVisualStudioVersion = 10.0.40219.1
Project("{FAE04EC0-301F-11D3-BF4B-00C04F79EFBC}") = "CSharpFeatures", "CSharpFeatures\CSharpFeatures.csproj", "{CC974814-B6D1-40AF-89EE-AE1CF548E70D}"
EndProject
Global
	GlobalSection(SolutionConfigurationPlatforms) = preSolution
		Debug|Any CPU = Debug|Any CPU
		Release|Any CPU = Release|Any CPU
	EndGlobalSection
	GlobalSection(ProjectConfigurationPlatforms) = postSolution
		{CC974814-B6D1-40AF-89EE-AE1CF548E70D}.Debug|Any CPU.ActiveCfg = Debug|Any CPU
		{CC974814-B6D1-40AF-89EE-AE1CF548E70D}.Debug|Any CPU.Build.0 = Debug|Any CPU
		{CC974814-B6D1-40AF-89EE-AE1CF548E70D}.Release|Any CPU.ActiveCfg = Release|Any CPU
		{CC974814-B6D1-40AF-89EE-AE1CF548E70D}.Release|Any CPU.Build.0 = Release|Any CPU
	EndGlobalSection
	GlobalSection(SolutionProperties) = preSolution
		HideSolutionNode = FALSE
	EndGlobalSection
	GlobalSection(ExtensibilityGlobals) = postSolution
		SolutionGuid = {FDA1AE60-0757-40BA-8214-4E667F050A55}
	EndGlobalSection
EndGlobal
